
Microsoft Visual Studio Solution File, Format Version 12.00
# Visual Studio Version 17
VisualStudioVersion = 17.0.31903.59
MinimumVisualStudioVersion = 10.0.40219.1
Project("{2150E333-8FDC-42A3-9474-1A3956D46DE8}") = "src", "src", "{3823A612-F5DD-4A8A-82E7-119A77B0330E}"
EndProject
Project("{FAE04EC0-301F-11D3-BF4B-00C04F79EFBC}") = "Console", "src\Console\Console.csproj", "{ACAC6B3B-D77F-4077-91F6-15D599848C71}"
EndProject
Project("{FAE04EC0-301F-11D3-BF4B-00C04F79EFBC}") = "ClassLib", "src\ClassLib\ClassLib.csproj", "{D5347FCE-EB23-4B87-B300-39EBD3BCFEF1}"
EndProject
Global
	GlobalSection(SolutionConfigurationPlatforms) = preSolution
		Debug|Any CPU = Debug|Any CPU
		Release|Any CPU = Release|Any CPU
	EndGlobalSection
	GlobalSection(SolutionProperties) = preSolution
		HideSolutionNode = FALSE
	EndGlobalSection
	GlobalSection(ProjectConfigurationPlatforms) = postSolution
		{ACAC6B3B-D77F-4077-91F6-15D599848C71}.Debug|Any CPU.ActiveCfg = Debug|Any CPU
		{ACAC6B3B-D77F-4077-91F6-15D599848C71}.Debug|Any CPU.Build.0 = Debug|Any CPU
		{ACAC6B3B-D77F-4077-91F6-15D599848C71}.Release|Any CPU.ActiveCfg = Release|Any CPU
		{ACAC6B3B-D77F-4077-91F6-15D599848C71}.Release|Any CPU.Build.0 = Release|Any CPU
		{D5347FCE-EB23-4B87-B300-39EBD3BCFEF1}.Debug|Any CPU.ActiveCfg = Debug|Any CPU
		{D5347FCE-EB23-4B87-B300-39EBD3BCFEF1}.Debug|Any CPU.Build.0 = Debug|Any CPU
		{D5347FCE-EB23-4B87-B300-39EBD3BCFEF1}.Release|Any CPU.ActiveCfg = Release|Any CPU
		{D5347FCE-EB23-4B87-B300-39EBD3BCFEF1}.Release|Any CPU.Build.0 = Release|Any CPU
	EndGlobalSection
	GlobalSection(NestedProjects) = preSolution
		{ACAC6B3B-D77F-4077-91F6-15D599848C71} = {3823A612-F5DD-4A8A-82E7-119A77B0330E}
		{D5347FCE-EB23-4B87-B300-39EBD3BCFEF1} = {3823A612-F5DD-4A8A-82E7-119A77B0330E}
	EndGlobalSection
EndGlobal
